
Microsoft Visual Studio Solution File, Format Version 12.00
# Visual Studio 2012
VisualStudioVersion = 12.0.30501.0
MinimumVisualStudioVersion = 10.0.40219.1
Project("{FAE04EC0-301F-11D3-BF4B-00C04F79EFBC}") = "PghTechFestApp1", "PghTechFestApp1\PghTechFestApp1\PghTechFestApp1.csproj", "{35AB8F99-29B2-4A88-94A9-9A6320FA70F1}"
EndProject
Project("{FAE04EC0-301F-11D3-BF4B-00C04F79EFBC}") = "PghTechFestApp1.iOS", "PghTechFestApp1\PghTechFestApp1.iOS\PghTechFestApp1.iOS.csproj", "{6896862B-047F-4B49-92C6-9410660B8A6A}"
EndProject
Project("{FAE04EC0-301F-11D3-BF4B-00C04F79EFBC}") = "PghTechFestApp1.Android", "PghTechFestApp1\PghTechFestApp1.Android\PghTechFestApp1.Android.csproj", "{0FD0EE3A-5826-412A-8EB1-A74440DC870B}"
EndProject
Project("{FAE04EC0-301F-11D3-BF4B-00C04F79EFBC}") = "PghTechFestApp1.WinPhone", "PghTechFestApp1\PghTechFestApp1.WinPhone\PghTechFestApp1.WinPhone.csproj", "{7998A12C-290E-473C-BF9B-EAF80A56AA50}"
EndProject
Global
	GlobalSection(SolutionConfigurationPlatforms) = preSolution
		Ad-Hoc|Any CPU = Ad-Hoc|Any CPU
		Ad-Hoc|ARM = Ad-Hoc|ARM
		Ad-Hoc|iPhone = Ad-Hoc|iPhone
		Ad-Hoc|iPhoneSimulator = Ad-Hoc|iPhoneSimulator
		Ad-Hoc|Mixed Platforms = Ad-Hoc|Mixed Platforms
		Ad-Hoc|x86 = Ad-Hoc|x86
		AppStore|Any CPU = AppStore|Any CPU
		AppStore|ARM = AppStore|ARM
		AppStore|iPhone = AppStore|iPhone
		AppStore|iPhoneSimulator = AppStore|iPhoneSimulator
		AppStore|Mixed Platforms = AppStore|Mixed Platforms
		AppStore|x86 = AppStore|x86
		Debug|Any CPU = Debug|Any CPU
		Debug|ARM = Debug|ARM
		Debug|iPhone = Debug|iPhone
		Debug|iPhoneSimulator = Debug|iPhoneSimulator
		Debug|Mixed Platforms = Debug|Mixed Platforms
		Debug|x86 = Debug|x86
		Release|Any CPU = Release|Any CPU
		Release|ARM = Release|ARM
		Release|iPhone = Release|iPhone
		Release|iPhoneSimulator = Release|iPhoneSimulator
		Release|Mixed Platforms = Release|Mixed Platforms
		Release|x86 = Release|x86
	EndGlobalSection
	GlobalSection(ProjectConfigurationPlatforms) = postSolution
		{0FD0EE3A-5826-412A-8EB1-A74440DC870B}.Ad-Hoc|Any CPU.ActiveCfg = Release|Any CPU
		{0FD0EE3A-5826-412A-8EB1-A74440DC870B}.Ad-Hoc|Any CPU.Build.0 = Release|Any CPU
		{0FD0EE3A-5826-412A-8EB1-A74440DC870B}.Ad-Hoc|Any CPU.Deploy.0 = Release|Any CPU
		{0FD0EE3A-5826-412A-8EB1-A74440DC870B}.Ad-Hoc|ARM.ActiveCfg = Release|Any CPU
		{0FD0EE3A-5826-412A-8EB1-A74440DC870B}.Ad-Hoc|iPhone.ActiveCfg = Release|Any CPU
		{0FD0EE3A-5826-412A-8EB1-A74440DC870B}.Ad-Hoc|iPhoneSimulator.ActiveCfg = Release|Any CPU
		{0FD0EE3A-5826-412A-8EB1-A74440DC870B}.Ad-Hoc|Mixed Platforms.ActiveCfg = Release|Any CPU
		{0FD0EE3A-5826-412A-8EB1-A74440DC870B}.Ad-Hoc|Mixed Platforms.Build.0 = Release|Any CPU
		{0FD0EE3A-5826-412A-8EB1-A74440DC870B}.Ad-Hoc|Mixed Platforms.Deploy.0 = Release|Any CPU
		{0FD0EE3A-5826-412A-8EB1-A74440DC870B}.Ad-Hoc|x86.ActiveCfg = Release|Any CPU
		{0FD0EE3A-5826-412A-8EB1-A74440DC870B}.AppStore|Any CPU.ActiveCfg = Release|Any CPU
		{0FD0EE3A-5826-412A-8EB1-A74440DC870B}.AppStore|Any CPU.Build.0 = Release|Any CPU
		{0FD0EE3A-5826-412A-8EB1-A74440DC870B}.AppStore|Any CPU.Deploy.0 = Release|Any CPU
		{0FD0EE3A-5826-412A-8EB1-A74440DC870B}.AppStore|ARM.ActiveCfg = Release|Any CPU
		{0FD0EE3A-5826-412A-8EB1-A74440DC870B}.AppStore|iPhone.ActiveCfg = Release|Any CPU
		{0FD0EE3A-5826-412A-8EB1-A74440DC870B}.AppStore|iPhoneSimulator.ActiveCfg = Release|Any CPU
		{0FD0EE3A-5826-412A-8EB1-A74440DC870B}.AppStore|Mixed Platforms.ActiveCfg = Release|Any CPU
		{0FD0EE3A-5826-412A-8EB1-A74440DC870B}.AppStore|Mixed Platforms.Build.0 = Release|Any CPU
		{0FD0EE3A-5826-412A-8EB1-A74440DC870B}.AppStore|Mixed Platforms.Deploy.0 = Release|Any CPU
		{0FD0EE3A-5826-412A-8EB1-A74440DC870B}.AppStore|x86.ActiveCfg = Release|Any CPU
		{0FD0EE3A-5826-412A-8EB1-A74440DC870B}.Debug|Any CPU.ActiveCfg = Debug|Any CPU
		{0FD0EE3A-5826-412A-8EB1-A74440DC870B}.Debug|Any CPU.Build.0 = Debug|Any CPU
		{0FD0EE3A-5826-412A-8EB1-A74440DC870B}.Debug|Any CPU.Deploy.0 = Debug|Any CPU
		{0FD0EE3A-5826-412A-8EB1-A74440DC870B}.Debug|ARM.ActiveCfg = Debug|Any CPU
		{0FD0EE3A-5826-412A-8EB1-A74440DC870B}.Debug|iPhone.ActiveCfg = Debug|Any CPU
		{0FD0EE3A-5826-412A-8EB1-A74440DC870B}.Debug|iPhoneSimulator.ActiveCfg = Debug|Any CPU
		{0FD0EE3A-5826-412A-8EB1-A74440DC870B}.Debug|Mixed Platforms.ActiveCfg = Debug|Any CPU
		{0FD0EE3A-5826-412A-8EB1-A74440DC870B}.Debug|Mixed Platforms.Build.0 = Debug|Any CPU
		{0FD0EE3A-5826-412A-8EB1-A74440DC870B}.Debug|Mixed Platforms.Deploy.0 = Debug|Any CPU
		{0FD0EE3A-5826-412A-8EB1-A74440DC870B}.Debug|x86.ActiveCfg = Debug|Any CPU
		{0FD0EE3A-5826-412A-8EB1-A74440DC870B}.Release|Any CPU.ActiveCfg = Release|Any CPU
		{0FD0EE3A-5826-412A-8EB1-A74440DC870B}.Release|Any CPU.Build.0 = Release|Any CPU
		{0FD0EE3A-5826-412A-8EB1-A74440DC870B}.Release|Any CPU.Deploy.0 = Release|Any CPU
		{0FD0EE3A-5826-412A-8EB1-A74440DC870B}.Release|ARM.ActiveCfg = Release|Any CPU
		{0FD0EE3A-5826-412A-8EB1-A74440DC870B}.Release|iPhone.ActiveCfg = Release|Any CPU
		{0FD0EE3A-5826-412A-8EB1-A74440DC870B}.Release|iPhoneSimulator.ActiveCfg = Release|Any CPU
		{0FD0EE3A-5826-412A-8EB1-A74440DC870B}.Release|Mixed Platforms.ActiveCfg = Release|Any CPU
		{0FD0EE3A-5826-412A-8EB1-A74440DC870B}.Release|Mixed Platforms.Build.0 = Release|Any CPU
		{0FD0EE3A-5826-412A-8EB1-A74440DC870B}.Release|Mixed Platforms.Deploy.0 = Release|Any CPU
		{0FD0EE3A-5826-412A-8EB1-A74440DC870B}.Release|x86.ActiveCfg = Release|Any CPU
		{35AB8F99-29B2-4A88-94A9-9A6320FA70F1}.Ad-Hoc|Any CPU.ActiveCfg = Release|Any CPU
		{35AB8F99-29B2-4A88-94A9-9A6320FA70F1}.Ad-Hoc|Any CPU.Build.0 = Release|Any CPU
		{35AB8F99-29B2-4A88-94A9-9A6320FA70F1}.Ad-Hoc|ARM.ActiveCfg = Release|Any CPU
		{35AB8F99-29B2-4A88-94A9-9A6320FA70F1}.Ad-Hoc|iPhone.ActiveCfg = Release|Any CPU
		{35AB8F99-29B2-4A88-94A9-9A6320FA70F1}.Ad-Hoc|iPhoneSimulator.ActiveCfg = Release|Any CPU
		{35AB8F99-29B2-4A88-94A9-9A6320FA70F1}.Ad-Hoc|Mixed Platforms.ActiveCfg = Release|Any CPU
		{35AB8F99-29B2-4A88-94A9-9A6320FA70F1}.Ad-Hoc|Mixed Platforms.Build.0 = Release|Any CPU
		{35AB8F99-29B2-4A88-94A9-9A6320FA70F1}.Ad-Hoc|x86.ActiveCfg = Release|Any CPU
		{35AB8F99-29B2-4A88-94A9-9A6320FA70F1}.AppStore|Any CPU.ActiveCfg = Release|Any CPU
		{35AB8F99-29B2-4A88-94A9-9A6320FA70F1}.AppStore|Any CPU.Build.0 = Release|Any CPU
		{35AB8F99-29B2-4A88-94A9-9A6320FA70F1}.AppStore|ARM.ActiveCfg = Release|Any CPU
		{35AB8F99-29B2-4A88-94A9-9A6320FA70F1}.AppStore|iPhone.ActiveCfg = Release|Any CPU
		{35AB8F99-29B2-4A88-94A9-9A6320FA70F1}.AppStore|iPhoneSimulator.ActiveCfg = Release|Any CPU
		{35AB8F99-29B2-4A88-94A9-9A6320FA70F1}.AppStore|Mixed Platforms.ActiveCfg = Release|Any CPU
		{35AB8F99-29B2-4A88-94A9-9A6320FA70F1}.AppStore|Mixed Platforms.Build.0 = Release|Any CPU
		{35AB8F99-29B2-4A88-94A9-9A6320FA70F1}.AppStore|x86.ActiveCfg = Release|Any CPU
		{35AB8F99-29B2-4A88-94A9-9A6320FA70F1}.Debug|Any CPU.ActiveCfg = Debug|Any CPU
		{35AB8F99-29B2-4A88-94A9-9A6320FA70F1}.Debug|Any CPU.Build.0 = Debug|Any CPU
		{35AB8F99-29B2-4A88-94A9-9A6320FA70F1}.Debug|ARM.ActiveCfg = Debug|Any CPU
		{35AB8F99-29B2-4A88-94A9-9A6320FA70F1}.Debug|iPhone.ActiveCfg = Debug|Any CPU
		{35AB8F99-29B2-4A88-94A9-9A6320FA70F1}.Debug|iPhoneSimulator.ActiveCfg = Debug|Any CPU
		{35AB8F99-29B2-4A88-94A9-9A6320FA70F1}.Debug|Mixed Platforms.ActiveCfg = Debug|Any CPU
		{35AB8F99-29B2-4A88-94A9-9A6320FA70F1}.Debug|Mixed Platforms.Build.0 = Debug|Any CPU
		{35AB8F99-29B2-4A88-94A9-9A6320FA70F1}.Debug|x86.ActiveCfg = Debug|Any CPU
		{35AB8F99-29B2-4A88-94A9-9A6320FA70F1}.Release|Any CPU.ActiveCfg = Release|Any CPU
		{35AB8F99-29B2-4A88-94A9-9A6320FA70F1}.Release|Any CPU.Build.0 = Release|Any CPU
		{35AB8F99-29B2-4A88-94A9-9A6320FA70F1}.Release|ARM.ActiveCfg = Release|Any CPU
		{35AB8F99-29B2-4A88-94A9-9A6320FA70F1}.Release|iPhone.ActiveCfg = Release|Any CPU
		{35AB8F99-29B2-4A88-94A9-9A6320FA70F1}.Release|iPhoneSimulator.ActiveCfg = Release|Any CPU
		{35AB8F99-29B2-4A88-94A9-9A6320FA70F1}.Release|Mixed Platforms.ActiveCfg = Release|Any CPU
		{35AB8F99-29B2-4A88-94A9-9A6320FA70F1}.Release|Mixed Platforms.Build.0 = Release|Any CPU
		{35AB8F99-29B2-4A88-94A9-9A6320FA70F1}.Release|x86.ActiveCfg = Release|Any CPU
		{6896862B-047F-4B49-92C6-9410660B8A6A}.Ad-Hoc|Any CPU.ActiveCfg = Ad-Hoc|iPhone
		{6896862B-047F-4B49-92C6-9410660B8A6A}.Ad-Hoc|ARM.ActiveCfg = Ad-Hoc|iPhone
		{6896862B-047F-4B49-92C6-9410660B8A6A}.Ad-Hoc|iPhone.ActiveCfg = Ad-Hoc|iPhone
		{6896862B-047F-4B49-92C6-9410660B8A6A}.Ad-Hoc|iPhone.Build.0 = Ad-Hoc|iPhone
		{6896862B-047F-4B49-92C6-9410660B8A6A}.Ad-Hoc|iPhone.Deploy.0 = Ad-Hoc|iPhone
		{6896862B-047F-4B49-92C6-9410660B8A6A}.Ad-Hoc|iPhoneSimulator.ActiveCfg = Ad-Hoc|iPhoneSimulator
		{6896862B-047F-4B49-92C6-9410660B8A6A}.Ad-Hoc|iPhoneSimulator.Build.0 = Ad-Hoc|iPhoneSimulator
		{6896862B-047F-4B49-92C6-9410660B8A6A}.Ad-Hoc|iPhoneSimulator.Deploy.0 = Ad-Hoc|iPhoneSimulator
		{6896862B-047F-4B49-92C6-9410660B8A6A}.Ad-Hoc|Mixed Platforms.ActiveCfg = Ad-Hoc|iPhone
		{6896862B-047F-4B49-92C6-9410660B8A6A}.Ad-Hoc|Mixed Platforms.Build.0 = Ad-Hoc|iPhone
		{6896862B-047F-4B49-92C6-9410660B8A6A}.Ad-Hoc|Mixed Platforms.Deploy.0 = Ad-Hoc|iPhone
		{6896862B-047F-4B49-92C6-9410660B8A6A}.Ad-Hoc|x86.ActiveCfg = Ad-Hoc|iPhone
		{6896862B-047F-4B49-92C6-9410660B8A6A}.AppStore|Any CPU.ActiveCfg = AppStore|iPhone
		{6896862B-047F-4B49-92C6-9410660B8A6A}.AppStore|ARM.ActiveCfg = AppStore|iPhone
		{6896862B-047F-4B49-92C6-9410660B8A6A}.AppStore|iPhone.ActiveCfg = AppStore|iPhone
		{6896862B-047F-4B49-92C6-9410660B8A6A}.AppStore|iPhone.Build.0 = AppStore|iPhone
		{6896862B-047F-4B49-92C6-9410660B8A6A}.AppStore|iPhone.Deploy.0 = AppStore|iPhone
		{6896862B-047F-4B49-92C6-9410660B8A6A}.AppStore|iPhoneSimulator.ActiveCfg = AppStore|iPhoneSimulator
		{6896862B-047F-4B49-92C6-9410660B8A6A}.AppStore|iPhoneSimulator.Build.0 = AppStore|iPhoneSimulator
		{6896862B-047F-4B49-92C6-9410660B8A6A}.AppStore|iPhoneSimulator.Deploy.0 = AppStore|iPhoneSimulator
		{6896862B-047F-4B49-92C6-9410660B8A6A}.AppStore|Mixed Platforms.ActiveCfg = AppStore|iPhone
		{6896862B-047F-4B49-92C6-9410660B8A6A}.AppStore|Mixed Platforms.Build.0 = AppStore|iPhone
		{6896862B-047F-4B49-92C6-9410660B8A6A}.AppStore|Mixed Platforms.Deploy.0 = AppStore|iPhone
		{6896862B-047F-4B49-92C6-9410660B8A6A}.AppStore|x86.ActiveCfg = AppStore|iPhone
		{6896862B-047F-4B49-92C6-9410660B8A6A}.Debug|Any CPU.ActiveCfg = Debug|iPhone
		{6896862B-047F-4B49-92C6-9410660B8A6A}.Debug|ARM.ActiveCfg = Debug|iPhone
		{6896862B-047F-4B49-92C6-9410660B8A6A}.Debug|iPhone.ActiveCfg = Debug|iPhone
		{6896862B-047F-4B49-92C6-9410660B8A6A}.Debug|iPhone.Build.0 = Debug|iPhone
		{6896862B-047F-4B49-92C6-9410660B8A6A}.Debug|iPhone.Deploy.0 = Debug|iPhone
		{6896862B-047F-4B49-92C6-9410660B8A6A}.Debug|iPhoneSimulator.ActiveCfg = Debug|iPhoneSimulator
		{6896862B-047F-4B49-92C6-9410660B8A6A}.Debug|iPhoneSimulator.Build.0 = Debug|iPhoneSimulator
		{6896862B-047F-4B49-92C6-9410660B8A6A}.Debug|iPhoneSimulator.Deploy.0 = Debug|iPhoneSimulator
		{6896862B-047F-4B49-92C6-9410660B8A6A}.Debug|Mixed Platforms.ActiveCfg = Debug|iPhone
		{6896862B-047F-4B49-92C6-9410660B8A6A}.Debug|Mixed Platforms.Build.0 = Debug|iPhone
		{6896862B-047F-4B49-92C6-9410660B8A6A}.Debug|Mixed Platforms.Deploy.0 = Debug|iPhone
		{6896862B-047F-4B49-92C6-9410660B8A6A}.Debug|x86.ActiveCfg = Debug|iPhone
		{6896862B-047F-4B49-92C6-9410660B8A6A}.Release|Any CPU.ActiveCfg = Release|iPhone
		{6896862B-047F-4B49-92C6-9410660B8A6A}.Release|ARM.ActiveCfg = Release|iPhone
		{6896862B-047F-4B49-92C6-9410660B8A6A}.Release|iPhone.ActiveCfg = Release|iPhone
		{6896862B-047F-4B49-92C6-9410660B8A6A}.Release|iPhone.Build.0 = Release|iPhone
		{6896862B-047F-4B49-92C6-9410660B8A6A}.Release|iPhone.Deploy.0 = Release|iPhone
		{6896862B-047F-4B49-92C6-9410660B8A6A}.Release|iPhoneSimulator.ActiveCfg = Release|iPhoneSimulator
		{6896862B-047F-4B49-92C6-9410660B8A6A}.Release|iPhoneSimulator.Build.0 = Release|iPhoneSimulator
		{6896862B-047F-4B49-92C6-9410660B8A6A}.Release|iPhoneSimulator.Deploy.0 = Release|iPhoneSimulator
		{6896862B-047F-4B49-92C6-9410660B8A6A}.Release|Mixed Platforms.ActiveCfg = Release|iPhone
		{6896862B-047F-4B49-92C6-9410660B8A6A}.Release|Mixed Platforms.Build.0 = Release|iPhone
		{6896862B-047F-4B49-92C6-9410660B8A6A}.Release|Mixed Platforms.Deploy.0 = Release|iPhone
		{6896862B-047F-4B49-92C6-9410660B8A6A}.Release|x86.ActiveCfg = Release|iPhone
		{7998A12C-290E-473C-BF9B-EAF80A56AA50}.Ad-Hoc|Any CPU.ActiveCfg = Release|Any CPU
		{7998A12C-290E-473C-BF9B-EAF80A56AA50}.Ad-Hoc|Any CPU.Build.0 = Release|Any CPU
		{7998A12C-290E-473C-BF9B-EAF80A56AA50}.Ad-Hoc|Any CPU.Deploy.0 = Release|Any CPU
		{7998A12C-290E-473C-BF9B-EAF80A56AA50}.Ad-Hoc|ARM.ActiveCfg = Release|ARM
		{7998A12C-290E-473C-BF9B-EAF80A56AA50}.Ad-Hoc|ARM.Build.0 = Release|ARM
		{7998A12C-290E-473C-BF9B-EAF80A56AA50}.Ad-Hoc|ARM.Deploy.0 = Release|ARM
		{7998A12C-290E-473C-BF9B-EAF80A56AA50}.Ad-Hoc|iPhone.ActiveCfg = Release|Any CPU
		{7998A12C-290E-473C-BF9B-EAF80A56AA50}.Ad-Hoc|iPhoneSimulator.ActiveCfg = Release|Any CPU
		{7998A12C-290E-473C-BF9B-EAF80A56AA50}.Ad-Hoc|Mixed Platforms.ActiveCfg = Release|x86
		{7998A12C-290E-473C-BF9B-EAF80A56AA50}.Ad-Hoc|Mixed Platforms.Build.0 = Release|x86
		{7998A12C-290E-473C-BF9B-EAF80A56AA50}.Ad-Hoc|Mixed Platforms.Deploy.0 = Release|x86
		{7998A12C-290E-473C-BF9B-EAF80A56AA50}.Ad-Hoc|x86.ActiveCfg = Release|x86
		{7998A12C-290E-473C-BF9B-EAF80A56AA50}.Ad-Hoc|x86.Build.0 = Release|x86
		{7998A12C-290E-473C-BF9B-EAF80A56AA50}.Ad-Hoc|x86.Deploy.0 = Release|x86
		{7998A12C-290E-473C-BF9B-EAF80A56AA50}.AppStore|Any CPU.ActiveCfg = Release|Any CPU
		{7998A12C-290E-473C-BF9B-EAF80A56AA50}.AppStore|Any CPU.Build.0 = Release|Any CPU
		{7998A12C-290E-473C-BF9B-EAF80A56AA50}.AppStore|Any CPU.Deploy.0 = Release|Any CPU
		{7998A12C-290E-473C-BF9B-EAF80A56AA50}.AppStore|ARM.ActiveCfg = Release|ARM
		{7998A12C-290E-473C-BF9B-EAF80A56AA50}.AppStore|ARM.Build.0 = Release|ARM
		{7998A12C-290E-473C-BF9B-EAF80A56AA50}.AppStore|ARM.Deploy.0 = Release|ARM
		{7998A12C-290E-473C-BF9B-EAF80A56AA50}.AppStore|iPhone.ActiveCfg = Release|Any CPU
		{7998A12C-290E-473C-BF9B-EAF80A56AA50}.AppStore|iPhoneSimulator.ActiveCfg = Release|Any CPU
		{7998A12C-290E-473C-BF9B-EAF80A56AA50}.AppStore|Mixed Platforms.ActiveCfg = Release|x86
		{7998A12C-290E-473C-BF9B-EAF80A56AA50}.AppStore|Mixed Platforms.Build.0 = Release|x86
		{7998A12C-290E-473C-BF9B-EAF80A56AA50}.AppStore|Mixed Platforms.Deploy.0 = Release|x86
		{7998A12C-290E-473C-BF9B-EAF80A56AA50}.AppStore|x86.ActiveCfg = Release|x86
		{7998A12C-290E-473C-BF9B-EAF80A56AA50}.AppStore|x86.Build.0 = Release|x86
		{7998A12C-290E-473C-BF9B-EAF80A56AA50}.AppStore|x86.Deploy.0 = Release|x86
		{7998A12C-290E-473C-BF9B-EAF80A56AA50}.Debug|Any CPU.ActiveCfg = Debug|Any CPU
		{7998A12C-290E-473C-BF9B-EAF80A56AA50}.Debug|Any CPU.Build.0 = Debug|Any CPU
		{7998A12C-290E-473C-BF9B-EAF80A56AA50}.Debug|Any CPU.Deploy.0 = Debug|Any CPU
		{7998A12C-290E-473C-BF9B-EAF80A56AA50}.Debug|ARM.ActiveCfg = Debug|ARM
		{7998A12C-290E-473C-BF9B-EAF80A56AA50}.Debug|ARM.Build.0 = Debug|ARM
		{7998A12C-290E-473C-BF9B-EAF80A56AA50}.Debug|ARM.Deploy.0 = Debug|ARM
		{7998A12C-290E-473C-BF9B-EAF80A56AA50}.Debug|iPhone.ActiveCfg = Debug|Any CPU
		{7998A12C-290E-473C-BF9B-EAF80A56AA50}.Debug|iPhoneSimulator.ActiveCfg = Debug|Any CPU
		{7998A12C-290E-473C-BF9B-EAF80A56AA50}.Debug|Mixed Platforms.ActiveCfg = Debug|x86
		{7998A12C-290E-473C-BF9B-EAF80A56AA50}.Debug|Mixed Platforms.Build.0 = Debug|x86
		{7998A12C-290E-473C-BF9B-EAF80A56AA50}.Debug|Mixed Platforms.Deploy.0 = Debug|x86
		{7998A12C-290E-473C-BF9B-EAF80A56AA50}.Debug|x86.ActiveCfg = Debug|x86
		{7998A12C-290E-473C-BF9B-EAF80A56AA50}.Debug|x86.Build.0 = Debug|x86
		{7998A12C-290E-473C-BF9B-EAF80A56AA50}.Debug|x86.Deploy.0 = Debug|x86
		{7998A12C-290E-473C-BF9B-EAF80A56AA50}.Release|Any CPU.ActiveCfg = Release|Any CPU
		{7998A12C-290E-473C-BF9B-EAF80A56AA50}.Release|Any CPU.Build.0 = Release|Any CPU
		{7998A12C-290E-473C-BF9B-EAF80A56AA50}.Release|Any CPU.Deploy.0 = Release|Any CPU
		{7998A12C-290E-473C-BF9B-EAF80A56AA50}.Release|ARM.ActiveCfg = Release|ARM
		{7998A12C-290E-473C-BF9B-EAF80A56AA50}.Release|ARM.Build.0 = Release|ARM
		{7998A12C-290E-473C-BF9B-EAF80A56AA50}.Release|ARM.Deploy.0 = Release|ARM
		{7998A12C-290E-473C-BF9B-EAF80A56AA50}.Release|iPhone.ActiveCfg = Release|Any CPU
		{7998A12C-290E-473C-BF9B-EAF80A56AA50}.Release|iPhoneSimulator.ActiveCfg = Release|Any CPU
		{7998A12C-290E-473C-BF9B-EAF80A56AA50}.Release|Mixed Platforms.ActiveCfg = Release|x86
		{7998A12C-290E-473C-BF9B-EAF80A56AA50}.Release|Mixed Platforms.Build.0 = Release|x86
		{7998A12C-290E-473C-BF9B-EAF80A56AA50}.Release|Mixed Platforms.Deploy.0 = Release|x86
		{7998A12C-290E-473C-BF9B-EAF80A56AA50}.Release|x86.ActiveCfg = Release|x86
		{7998A12C-290E-473C-BF9B-EAF80A56AA50}.Release|x86.Build.0 = Release|x86
		{7998A12C-290E-473C-BF9B-EAF80A56AA50}.Release|x86.Deploy.0 = Release|x86
	EndGlobalSection
	GlobalSection(MonoDevelopProperties) = preSolution
		StartupItem = PghTechFestApp1\PghTechFestApp1.Android\PghTechFestApp1.Android.csproj
	EndGlobalSection
	GlobalSection(SolutionProperties) = preSolution
		HideSolutionNode = FALSE
	EndGlobalSection
EndGlobal
